// !$*UTF8*$!
{
	archiveVersion = 1;
	classes = {
	};
	objectVersion = 50;
	objects = {

/* Begin PBXBuildFile section */
		5B4D5093219A1DB50003CD84 /* AppDelegate.swift in Sources */ = {isa = PBXBuildFile; fileRef = 5B4D5092219A1DB50003CD84 /* AppDelegate.swift */; };
		5B4D5095219A1DB60003CD84 /* Assets.xcassets in Resources */ = {isa = PBXBuildFile; fileRef = 5B4D5094219A1DB60003CD84 /* Assets.xcassets */; };
		5B4D5098219A1DB60003CD84 /* MainMenu.xib in Resources */ = {isa = PBXBuildFile; fileRef = 5B4D5096219A1DB60003CD84 /* MainMenu.xib */; };
		5B74724C219ED12A00C42218 /* FunctionalMethodTests.swift in Sources */ = {isa = PBXBuildFile; fileRef = 5B74724B219ED12A00C42218 /* FunctionalMethodTests.swift */; };
		5B8F2F64219C1C48003FF792 /* CollectionMutabilityTests.swift in Sources */ = {isa = PBXBuildFile; fileRef = 5B8F2F63219C1C48003FF792 /* CollectionMutabilityTests.swift */; };
/* End PBXBuildFile section */

/* Begin PBXContainerItemProxy section */
		5B4D50A0219A1DB60003CD84 /* PBXContainerItemProxy */ = {
			isa = PBXContainerItemProxy;
			containerPortal = 5B4D5087219A1DB50003CD84 /* Project object */;
			proxyType = 1;
			remoteGlobalIDString = 5B4D508E219A1DB50003CD84;
			remoteInfo = Collections;
		};
/* End PBXContainerItemProxy section */

/* Begin PBXFileReference section */
		5B4D508F219A1DB50003CD84 /* Collections.app */ = {isa = PBXFileReference; explicitFileType = wrapper.application; includeInIndex = 0; path = Collections.app; sourceTree = BUILT_PRODUCTS_DIR; };
		5B4D5092219A1DB50003CD84 /* AppDelegate.swift */ = {isa = PBXFileReference; lastKnownFileType = sourcecode.swift; path = AppDelegate.swift; sourceTree = "<group>"; };
		5B4D5094219A1DB60003CD84 /* Assets.xcassets */ = {isa = PBXFileReference; lastKnownFileType = folder.assetcatalog; path = Assets.xcassets; sourceTree = "<group>"; };
		5B4D5097219A1DB60003CD84 /* Base */ = {isa = PBXFileReference; lastKnownFileType = file.xib; name = Base; path = Base.lproj/MainMenu.xib; sourceTree = "<group>"; };
		5B4D5099219A1DB60003CD84 /* Info.plist */ = {isa = PBXFileReference; lastKnownFileType = text.plist.xml; path = Info.plist; sourceTree = "<group>"; };
		5B4D509A219A1DB60003CD84 /* Collections.entitlements */ = {isa = PBXFileReference; lastKnownFileType = text.plist.entitlements; path = Collections.entitlements; sourceTree = "<group>"; };
		5B4D509F219A1DB60003CD84 /* CollectionsTests.xctest */ = {isa = PBXFileReference; explicitFileType = wrapper.cfbundle; includeInIndex = 0; path = CollectionsTests.xctest; sourceTree = BUILT_PRODUCTS_DIR; };
		5B4D50A5219A1DB60003CD84 /* Info.plist */ = {isa = PBXFileReference; lastKnownFileType = text.plist.xml; path = Info.plist; sourceTree = "<group>"; };
		5B74724B219ED12A00C42218 /* FunctionalMethodTests.swift */ = {isa = PBXFileReference; lastKnownFileType = sourcecode.swift; path = FunctionalMethodTests.swift; sourceTree = "<group>"; };
		5B8F2F63219C1C48003FF792 /* CollectionMutabilityTests.swift */ = {isa = PBXFileReference; lastKnownFileType = sourcecode.swift; path = CollectionMutabilityTests.swift; sourceTree = "<group>"; };
/* End PBXFileReference section */

/* Begin PBXFrameworksBuildPhase section */
		5B4D508C219A1DB50003CD84 /* Frameworks */ = {
			isa = PBXFrameworksBuildPhase;
			buildActionMask = 2147483647;
			files = (
			);
			runOnlyForDeploymentPostprocessing = 0;
		};
		5B4D509C219A1DB60003CD84 /* Frameworks */ = {
			isa = PBXFrameworksBuildPhase;
			buildActionMask = 2147483647;
			files = (
			);
			runOnlyForDeploymentPostprocessing = 0;
		};
/* End PBXFrameworksBuildPhase section */

/* Begin PBXGroup section */
		5B4D5086219A1DB50003CD84 = {
			isa = PBXGroup;
			children = (
				5B4D5091219A1DB50003CD84 /* Collections */,
				5B4D50A2219A1DB60003CD84 /* CollectionsTests */,
				5B4D5090219A1DB50003CD84 /* Products */,
			);
			sourceTree = "<group>";
		};
		5B4D5090219A1DB50003CD84 /* Products */ = {
			isa = PBXGroup;
			children = (
				5B4D508F219A1DB50003CD84 /* Collections.app */,
				5B4D509F219A1DB60003CD84 /* CollectionsTests.xctest */,
			);
			name = Products;
			sourceTree = "<group>";
		};
		5B4D5091219A1DB50003CD84 /* Collections */ = {
			isa = PBXGroup;
			children = (
				5B4D5092219A1DB50003CD84 /* AppDelegate.swift */,
				5B4D5094219A1DB60003CD84 /* Assets.xcassets */,
				5B4D5096219A1DB60003CD84 /* MainMenu.xib */,
				5B4D5099219A1DB60003CD84 /* Info.plist */,
				5B4D509A219A1DB60003CD84 /* Collections.entitlements */,
			);
			path = Collections;
			sourceTree = "<group>";
		};
		5B4D50A2219A1DB60003CD84 /* CollectionsTests */ = {
			isa = PBXGroup;
			children = (
				5B8F2F62219C1C18003FF792 /* 1-mutability */,
				5B747249219ECF5400C42218 /* 2-info */,
				5B74724A219ECF9C00C42218 /* 3-functional */,
				5B4D50A5219A1DB60003CD84 /* Info.plist */,
			);
			path = CollectionsTests;
			sourceTree = "<group>";
		};
		5B747249219ECF5400C42218 /* 2-info */ = {
			isa = PBXGroup;
			children = (
			);
			path = "2-info";
			sourceTree = "<group>";
		};
		5B74724A219ECF9C00C42218 /* 3-functional */ = {
			isa = PBXGroup;
			children = (
				5B74724B219ED12A00C42218 /* FunctionalMethodTests.swift */,
			);
			path = "3-functional";
			sourceTree = "<group>";
		};
		5B8F2F62219C1C18003FF792 /* 1-mutability */ = {
			isa = PBXGroup;
			children = (
				5B8F2F63219C1C48003FF792 /* CollectionMutabilityTests.swift */,
			);
			path = "1-mutability";
			sourceTree = "<group>";
		};
/* End PBXGroup section */

/* Begin PBXNativeTarget section */
		5B4D508E219A1DB50003CD84 /* Collections */ = {
			isa = PBXNativeTarget;
			buildConfigurationList = 5B4D50A8219A1DB60003CD84 /* Build configuration list for PBXNativeTarget "Collections" */;
			buildPhases = (
				5B4D508B219A1DB50003CD84 /* Sources */,
				5B4D508C219A1DB50003CD84 /* Frameworks */,
				5B4D508D219A1DB50003CD84 /* Resources */,
			);
			buildRules = (
			);
			dependencies = (
			);
			name = Collections;
			productName = Collections;
			productReference = 5B4D508F219A1DB50003CD84 /* Collections.app */;
			productType = "com.apple.product-type.application";
		};
		5B4D509E219A1DB60003CD84 /* CollectionsTests */ = {
			isa = PBXNativeTarget;
			buildConfigurationList = 5B4D50AB219A1DB60003CD84 /* Build configuration list for PBXNativeTarget "CollectionsTests" */;
			buildPhases = (
				5B4D509B219A1DB60003CD84 /* Sources */,
				5B4D509C219A1DB60003CD84 /* Frameworks */,
				5B4D509D219A1DB60003CD84 /* Resources */,
			);
			buildRules = (
			);
			dependencies = (
				5B4D50A1219A1DB60003CD84 /* PBXTargetDependency */,
			);
			name = CollectionsTests;
			productName = CollectionsTests;
			productReference = 5B4D509F219A1DB60003CD84 /* CollectionsTests.xctest */;
			productType = "com.apple.product-type.bundle.unit-test";
		};
/* End PBXNativeTarget section */

/* Begin PBXProject section */
		5B4D5087219A1DB50003CD84 /* Project object */ = {
			isa = PBXProject;
			attributes = {
				LastSwiftUpdateCheck = 1010;
				LastUpgradeCheck = 1010;
				ORGANIZATIONNAME = "Chris J W Walker";
				TargetAttributes = {
					5B4D508E219A1DB50003CD84 = {
						CreatedOnToolsVersion = 10.1;
					};
					5B4D509E219A1DB60003CD84 = {
						CreatedOnToolsVersion = 10.1;
					};
				};
			};
			buildConfigurationList = 5B4D508A219A1DB50003CD84 /* Build configuration list for PBXProject "Collections" */;
			compatibilityVersion = "Xcode 9.3";
			developmentRegion = en;
			hasScannedForEncodings = 0;
			knownRegions = (
				en,
				Base,
			);
			mainGroup = 5B4D5086219A1DB50003CD84;
			productRefGroup = 5B4D5090219A1DB50003CD84 /* Products */;
			projectDirPath = "";
			projectRoot = "";
			targets = (
				5B4D508E219A1DB50003CD84 /* Collections */,
				5B4D509E219A1DB60003CD84 /* CollectionsTests */,
			);
		};
/* End PBXProject section */

/* Begin PBXResourcesBuildPhase section */
		5B4D508D219A1DB50003CD84 /* Resources */ = {
			isa = PBXResourcesBuildPhase;
			buildActionMask = 2147483647;
			files = (
				5B4D5095219A1DB60003CD84 /* Assets.xcassets in Resources */,
				5B4D5098219A1DB60003CD84 /* MainMenu.xib in Resources */,
			);
			runOnlyForDeploymentPostprocessing = 0;
		};
		5B4D509D219A1DB60003CD84 /* Resources */ = {
			isa = PBXResourcesBuildPhase;
			buildActionMask = 2147483647;
			files = (
			);
			runOnlyForDeploymentPostprocessing = 0;
		};
/* End PBXResourcesBuildPhase section */

/* Begin PBXSourcesBuildPhase section */
		5B4D508B219A1DB50003CD84 /* Sources */ = {
			isa = PBXSourcesBuildPhase;
			buildActionMask = 2147483647;
			files = (
				5B4D5093219A1DB50003CD84 /* AppDelegate.swift in Sources */,
			);
			runOnlyForDeploymentPostprocessing = 0;
		};
		5B4D509B219A1DB60003CD84 /* Sources */ = {
			isa = PBXSourcesBuildPhase;
			buildActionMask = 2147483647;
			files = (
				5B8F2F64219C1C48003FF792 /* CollectionMutabilityTests.swift in Sources */,
				5B74724C219ED12A00C42218 /* FunctionalMethodTests.swift in Sources */,
			);
			runOnlyForDeploymentPostprocessing = 0;
		};
/* End PBXSourcesBuildPhase section */

/* Begin PBXTargetDependency section */
		5B4D50A1219A1DB60003CD84 /* PBXTargetDependency */ = {
			isa = PBXTargetDependency;
			target = 5B4D508E219A1DB50003CD84 /* Collections */;
			targetProxy = 5B4D50A0219A1DB60003CD84 /* PBXContainerItemProxy */;
		};
/* End PBXTargetDependency section */

/* Begin PBXVariantGroup section */
		5B4D5096219A1DB60003CD84 /* MainMenu.xib */ = {
			isa = PBXVariantGroup;
			children = (
				5B4D5097219A1DB60003CD84 /* Base */,
			);
			name = MainMenu.xib;
			sourceTree = "<group>";
		};
/* End PBXVariantGroup section */

/* Begin XCBuildConfiguration section */
		5B4D50A6219A1DB60003CD84 /* Debug */ = {
			isa = XCBuildConfiguration;
			buildSettings = {
				ALWAYS_SEARCH_USER_PATHS = NO;
				CLANG_ANALYZER_NONNULL = YES;
				CLANG_ANALYZER_NUMBER_OBJECT_CONVERSION = YES_AGGRESSIVE;
				CLANG_CXX_LANGUAGE_STANDARD = "gnu++14";
				CLANG_CXX_LIBRARY = "libc++";
				CLANG_ENABLE_MODULES = YES;
				CLANG_ENABLE_OBJC_ARC = YES;
				CLANG_ENABLE_OBJC_WEAK = YES;
				CLANG_WARN_BLOCK_CAPTURE_AUTORELEASING = YES;
				CLANG_WARN_BOOL_CONVERSION = YES;
				CLANG_WARN_COMMA = YES;
				CLANG_WARN_CONSTANT_CONVERSION = YES;
				CLANG_WARN_DEPRECATED_OBJC_IMPLEMENTATIONS = YES;
				CLANG_WARN_DIRECT_OBJC_ISA_USAGE = YES_ERROR;
				CLANG_WARN_DOCUMENTATION_COMMENTS = YES;
				CLANG_WARN_EMPTY_BODY = YES;
				CLANG_WARN_ENUM_CONVERSION = YES;
				CLANG_WARN_INFINITE_RECURSION = YES;
				CLANG_WARN_INT_CONVERSION = YES;
				CLANG_WARN_NON_LITERAL_NULL_CONVERSION = YES;
				CLANG_WARN_OBJC_IMPLICIT_RETAIN_SELF = YES;
				CLANG_WARN_OBJC_LITERAL_CONVERSION = YES;
				CLANG_WARN_OBJC_ROOT_CLASS = YES_ERROR;
				CLANG_WARN_RANGE_LOOP_ANALYSIS = YES;
				CLANG_WARN_STRICT_PROTOTYPES = YES;
				CLANG_WARN_SUSPICIOUS_MOVE = YES;
				CLANG_WARN_UNGUARDED_AVAILABILITY = YES_AGGRESSIVE;
				CLANG_WARN_UNREACHABLE_CODE = YES;
				CLANG_WARN__DUPLICATE_METHOD_MATCH = YES;
				CODE_SIGN_IDENTITY = "Mac Developer";
				COPY_PHASE_STRIP = NO;
				DEBUG_INFORMATION_FORMAT = dwarf;
				ENABLE_STRICT_OBJC_MSGSEND = YES;
				ENABLE_TESTABILITY = YES;
				GCC_C_LANGUAGE_STANDARD = gnu11;
				GCC_DYNAMIC_NO_PIC = NO;
				GCC_NO_COMMON_BLOCKS = YES;
				GCC_OPTIMIZATION_LEVEL = 0;
				GCC_PREPROCESSOR_DEFINITIONS = (
					"DEBUG=1",
					"$(inherited)",
				);
				GCC_WARN_64_TO_32_BIT_CONVERSION = YES;
				GCC_WARN_ABOUT_RETURN_TYPE = YES_ERROR;
				GCC_WARN_UNDECLARED_SELECTOR = YES;
				GCC_WARN_UNINITIALIZED_AUTOS = YES_AGGRESSIVE;
				GCC_WARN_UNUSED_FUNCTION = YES;
				GCC_WARN_UNUSED_VARIABLE = YES;
				MACOSX_DEPLOYMENT_TARGET = 10.14;
				MTL_ENABLE_DEBUG_INFO = INCLUDE_SOURCE;
				MTL_FAST_MATH = YES;
				ONLY_ACTIVE_ARCH = YES;
				SDKROOT = macosx;
				SWIFT_ACTIVE_COMPILATION_CONDITIONS = DEBUG;
				SWIFT_OPTIMIZATION_LEVEL = "-Onone";
			};
			name = Debug;
		};
		5B4D50A7219A1DB60003CD84 /* Release */ = {
			isa = XCBuildConfiguration;
			buildSettings = {
				ALWAYS_SEARCH_USER_PATHS = NO;
				CLANG_ANALYZER_NONNULL = YES;
				CLANG_ANALYZER_NUMBER_OBJECT_CONVERSION = YES_AGGRESSIVE;
				CLANG_CXX_LANGUAGE_STANDARD = "gnu++14";
				CLANG_CXX_LIBRARY = "libc++";
				CLANG_ENABLE_MODULES = YES;
				CLANG_ENABLE_OBJC_ARC = YES;
				CLANG_ENABLE_OBJC_WEAK = YES;
				CLANG_WARN_BLOCK_CAPTURE_AUTORELEASING = YES;
				CLANG_WARN_BOOL_CONVERSION = YES;
				CLANG_WARN_COMMA = YES;
				CLANG_WARN_CONSTANT_CONVERSION = YES;
				CLANG_WARN_DEPRECATED_OBJC_IMPLEMENTATIONS = YES;
				CLANG_WARN_DIRECT_OBJC_ISA_USAGE = YES_ERROR;
				CLANG_WARN_DOCUMENTATION_COMMENTS = YES;
				CLANG_WARN_EMPTY_BODY = YES;
				CLANG_WARN_ENUM_CONVERSION = YES;
				CLANG_WARN_INFINITE_RECURSION = YES;
				CLANG_WARN_INT_CONVERSION = YES;
				CLANG_WARN_NON_LITERAL_NULL_CONVERSION = YES;
				CLANG_WARN_OBJC_IMPLICIT_RETAIN_SELF = YES;
				CLANG_WARN_OBJC_LITERAL_CONVERSION = YES;
				CLANG_WARN_OBJC_ROOT_CLASS = YES_ERROR;
				CLANG_WARN_RANGE_LOOP_ANALYSIS = YES;
				CLANG_WARN_STRICT_PROTOTYPES = YES;
				CLANG_WARN_SUSPICIOUS_MOVE = YES;
				CLANG_WARN_UNGUARDED_AVAILABILITY = YES_AGGRESSIVE;
				CLANG_WARN_UNREACHABLE_CODE = YES;
				CLANG_WARN__DUPLICATE_METHOD_MATCH = YES;
				CODE_SIGN_IDENTITY = "Mac Developer";
				COPY_PHASE_STRIP = NO;
				DEBUG_INFORMATION_FORMAT = "dwarf-with-dsym";
				ENABLE_NS_ASSERTIONS = NO;
				ENABLE_STRICT_OBJC_MSGSEND = YES;
				GCC_C_LANGUAGE_STANDARD = gnu11;
				GCC_NO_COMMON_BLOCKS = YES;
				GCC_WARN_64_TO_32_BIT_CONVERSION = YES;
				GCC_WARN_ABOUT_RETURN_TYPE = YES_ERROR;
				GCC_WARN_UNDECLARED_SELECTOR = YES;
				GCC_WARN_UNINITIALIZED_AUTOS = YES_AGGRESSIVE;
				GCC_WARN_UNUSED_FUNCTION = YES;
				GCC_WARN_UNUSED_VARIABLE = YES;
				MACOSX_DEPLOYMENT_TARGET = 10.14;
				MTL_ENABLE_DEBUG_INFO = NO;
				MTL_FAST_MATH = YES;
				SDKROOT = macosx;
				SWIFT_COMPILATION_MODE = wholemodule;
				SWIFT_OPTIMIZATION_LEVEL = "-O";
			};
			name = Release;
		};
		5B4D50A9219A1DB60003CD84 /* Debug */ = {
			isa = XCBuildConfiguration;
			buildSettings = {
				ASSETCATALOG_COMPILER_APPICON_NAME = AppIcon;
				CODE_SIGN_ENTITLEMENTS = Collections/Collections.entitlements;
				CODE_SIGN_STYLE = Automatic;
				COMBINE_HIDPI_IMAGES = YES;
				DEVELOPMENT_TEAM = "";
				INFOPLIST_FILE = Collections/Info.plist;
				LD_RUNPATH_SEARCH_PATHS = (
					"$(inherited)",
					"@executable_path/../Frameworks",
				);
				PRODUCT_BUNDLE_IDENTIFIER = "com.awesome-dev.mobile.Collections";
				PRODUCT_NAME = "$(TARGET_NAME)";
				SWIFT_VERSION = 4.2;
			};
			name = Debug;
		};
		5B4D50AA219A1DB60003CD84 /* Release */ = {
			isa = XCBuildConfiguration;
			buildSettings = {
				ASSETCATALOG_COMPILER_APPICON_NAME = AppIcon;
				CODE_SIGN_ENTITLEMENTS = Collections/Collections.entitlements;
				CODE_SIGN_STYLE = Automatic;
				COMBINE_HIDPI_IMAGES = YES;
				DEVELOPMENT_TEAM = "";
				INFOPLIST_FILE = Collections/Info.plist;
				LD_RUNPATH_SEARCH_PATHS = (
					"$(inherited)",
					"@executable_path/../Frameworks",
				);
				PRODUCT_BUNDLE_IDENTIFIER = "com.awesome-dev.mobile.Collections";
				PRODUCT_NAME = "$(TARGET_NAME)";
				SWIFT_VERSION = 4.2;
			};
			name = Release;
		};
		5B4D50AC219A1DB60003CD84 /* Debug */ = {
			isa = XCBuildConfiguration;
			buildSettings = {
				ALWAYS_EMBED_SWIFT_STANDARD_LIBRARIES = YES;
				CODE_SIGN_IDENTITY = "Mac Developer";
				CODE_SIGN_STYLE = Automatic;
				COMBINE_HIDPI_IMAGES = YES;
				DEVELOPMENT_TEAM = "";
				INFOPLIST_FILE = CollectionsTests/Info.plist;
				LD_RUNPATH_SEARCH_PATHS = (
					"$(inherited)",
					"@executable_path/../Frameworks",
					"@loader_path/../Frameworks",
				);
				PRODUCT_BUNDLE_IDENTIFIER = "com.awesome-dev.mobile.CollectionsTests";
				PRODUCT_NAME = "$(TARGET_NAME)";
				SWIFT_VERSION = 4.2;
			};
			name = Debug;
		};
		5B4D50AD219A1DB60003CD84 /* Release */ = {
			isa = XCBuildConfiguration;
			buildSettings = {
				ALWAYS_EMBED_SWIFT_STANDARD_LIBRARIES = YES;
				CODE_SIGN_IDENTITY = "Mac Developer";
				CODE_SIGN_STYLE = Automatic;
				COMBINE_HIDPI_IMAGES = YES;
				DEVELOPMENT_TEAM = "";
				INFOPLIST_FILE = CollectionsTests/Info.plist;
				LD_RUNPATH_SEARCH_PATHS = (
					"$(inherited)",
					"@executable_path/../Frameworks",
					"@loader_path/../Frameworks",
				);
				PRODUCT_BUNDLE_IDENTIFIER = "com.awesome-dev.mobile.CollectionsTests";
				PRODUCT_NAME = "$(TARGET_NAME)";
				SWIFT_VERSION = 4.2;
			};
			name = Release;
		};
/* End XCBuildConfiguration section */

/* Begin XCConfigurationList section */
		5B4D508A219A1DB50003CD84 /* Build configuration list for PBXProject "Collections" */ = {
			isa = XCConfigurationList;
			buildConfigurations = (
				5B4D50A6219A1DB60003CD84 /* Debug */,
				5B4D50A7219A1DB60003CD84 /* Release */,
			);
			defaultConfigurationIsVisible = 0;
			defaultConfigurationName = Release;
		};
		5B4D50A8219A1DB60003CD84 /* Build configuration list for PBXNativeTarget "Collections" */ = {
			isa = XCConfigurationList;
			buildConfigurations = (
				5B4D50A9219A1DB60003CD84 /* Debug */,
				5B4D50AA219A1DB60003CD84 /* Release */,
			);
			defaultConfigurationIsVisible = 0;
			defaultConfigurationName = Release;
		};
		5B4D50AB219A1DB60003CD84 /* Build configuration list for PBXNativeTarget "CollectionsTests" */ = {
			isa = XCConfigurationList;
			buildConfigurations = (
				5B4D50AC219A1DB60003CD84 /* Debug */,
				5B4D50AD219A1DB60003CD84 /* Release */,
			);
			defaultConfigurationIsVisible = 0;
			defaultConfigurationName = Release;
		};
/* End XCConfigurationList section */
	};
	rootObject = 5B4D5087219A1DB50003CD84 /* Project object */;
}
